# @generated - this file is auto-generated by `mise lock` https://mise.jdx.dev/dev-tools/mise-lock.html

lockfile_version = 1

[[tools."aqua:j178/prek"]]
version = "0.5.3"
backend = "aqua:j178/prek"
specifiers = ["latest"]

[tools."aqua:j178/prek"."platforms.linux-x64"]
checksum = "sha256:c1475ddc56df0003c780557d9b52273d9eb19c9ef8d91143f3ce03511182a36e"
url = "https://github.com/j178/prek/releases/download/v0.5.3/prek-x86_64-unknown-linux-gnu.tar.gz"
url_api = "https://api.github.com/repos/j178/prek/releases/assets/560889224"
provenance = "github-attestations"

[[tools."aqua:suzuki-shunsuke/pinact"]]
version = "5.0.0"
backend = "aqua:suzuki-shunsuke/pinact"
specifiers = ["latest"]

[tools."aqua:suzuki-shunsuke/pinact"."platforms.linux-x64"]
checksum = "sha256:d005bbb85da80dacdc07816f24a5da723a9f6d1e9f3d3e7e73df33f9caa1358f"
url = "https://github.com/suzuki-shunsuke/pinact/releases/download/v5.0.0/pinact_linux_amd64.tar.gz"
url_api = "https://api.github.com/repos/suzuki-shunsuke/pinact/releases/assets/558638065"
provenance = "github-attestations"

[[tools."aqua:terraform-docs/terraform-docs"]]
version = "0.24.0"
backend = "aqua:terraform-docs/terraform-docs"
specifiers = ["latest"]

[tools."aqua:terraform-docs/terraform-docs"."platforms.linux-x64"]
checksum = "sha256:9005daf969de0b50134493a2c00078b49f5f5b39d021cda7c89bf4d4f3d776d3"
url = "https://github.com/terraform-docs/terraform-docs/releases/download/v0.24.0/terraform-docs-v0.24.0-linux-amd64.tar.gz"
url_api = "https://api.github.com/repos/terraform-docs/terraform-docs/releases/assets/416956208"

[[tools.bun]]
version = "1.4.2"
backend = "core:bun"
specifiers = ["latest"]

[tools.bun."platforms.linux-x64"]
checksum = "sha256:36368faef7527875d5ffa52e53cd48021741f2a83eb6208a8dd64068d422a913"
url = "https://github.com/oven-sh/bun/releases/download/bun-v1.4.2/bun-linux-x64.zip"

[tools.bun."platforms.linux-x64-baseline"]
checksum = "sha256:c678040f14fe0440eb839d37cbd0ce4c051a32da72806ac97de6a6aab6bf728f"
url = "https://github.com/oven-sh/bun/releases/download/bun-v1.4.2/bun-linux-x64-baseline.zip"

[tools.bun."platforms.linux-x64-musl"]
checksum = "sha256:4835eca59d6da70f4674f5642f6e459dcadab773695b2ed9922d131057989742"
url = "https://github.com/oven-sh/bun/releases/download/bun-v1.4.2/bun-linux-x64-musl.zip"

[tools.bun."platforms.linux-x64-musl-baseline"]
checksum = "sha256:76e1db84e98f22f78de0a87e309bfbbf297732847f9720db36750646c85c8c18"
url = "https://github.com/oven-sh/bun/releases/download/bun-v1.4.2/bun-linux-x64-musl-baseline.zip"

[[tools."cargo:fd-find"]]
version = "10.5.0"
backend = "cargo:fd-find"
specifiers = ["latest"]

[[tools."cargo:just"]]
version = "1.58.0"
backend = "cargo:just"
specifiers = ["latest"]

[[tools."cargo:zizmor"]]
version = "1.30.1"
backend = "cargo:zizmor"
specifiers = ["latest"]

[[tools.direnv]]
version = "2.37.1"
backend = "aqua:direnv/direnv"
specifiers = ["latest"]

[tools.direnv."platforms.linux-x64"]
checksum = "sha256:1f1b93dd6f38523fde26dfac96151ef9d31a374e3005cd3345fb93555ae0c9b5"
url = "https://github.com/direnv/direnv/releases/download/v2.37.1/direnv.linux-amd64"
url_api = "https://api.github.com/repos/direnv/direnv/releases/assets/274610548"

[[tools.go]]
version = "1.27.1"
backend = "core:go"
specifiers = ["latest"]

[tools.go."platforms.linux-x64"]
checksum = "sha256:63d339f0da5ab53635a56f2490a7984dfe12dfcff22ad749f63edaf590168445"
url = "https://dl.google.com/go/go1.27.1.linux-amd64.tar.gz"

[[tools."go:github.com/k0sproject/k0sctl"]]
version = "0.28.0"
backend = "go:github.com/k0sproject/k0sctl"
specifiers = ["v0.28.0"]

[[tools."go:github.com/terraform-linters/tflint"]]
version = "0.60.0"
backend = "go:github.com/terraform-linters/tflint"
specifiers = ["v0.60.0"]

[[tools.node]]
version = "26.8.2"
backend = "core:node"
specifiers = ["latest"]

[tools.node."platforms.linux-x64"]
checksum = "sha256:badb3fe6a61b85e1352ca6564dc56b8b7bd5ecd5c474c52acc21dd0cdd586f35"
url = "https://nodejs.org/dist/v26.8.2/node-v26.8.2-linux-x64.tar.gz"

[[tools."npm:markdown-table-formatter"]]
version = "1.7.0"
backend = "npm:markdown-table-formatter"
specifiers = ["latest"]

[[tools."npm:prettier"]]
version = "3.9.6"
backend = "npm:prettier"
specifiers = ["latest"]

[[tools.python]]
version = "3.14.3"
backend = "core:python"
specifiers = ["3.14.3"]

[tools.python."platforms.linux-x64"]
checksum = "sha256:d7a9f970914bb4c88756fe3bdcc186d4feb90e9500e54f1db47dae4dc9687e39"
url = "https://github.com/astral-sh/python-build-standalone/releases/download/20260324/cpython-3.14.3+20260324-x86_64-unknown-linux-gnu-install_only_stripped.tar.gz"
provenance = "github-attestations"

[[tools.terraform]]
version = "1.16.0"
backend = "aqua:hashicorp/terraform"
specifiers = ["1.16.0"]

[tools.terraform."platforms.linux-x64"]
checksum = "sha256:41d05b927aa174f15d1228c4eba832a323b716c68b415ef5a00179f46cc602d3"
url = "https://releases.hashicorp.com/terraform/1.16.0/terraform_1.16.0_linux_amd64.zip"

[[tools.usage]]
version = "6.9.1"
backend = "aqua:jdx/usage"
specifiers = ["latest"]

[tools.usage."platforms.linux-x64"]
checksum = "sha256:8e1cafb10fe2ddee8c18076c09dea4c89ee2d25ac2c0ec5158fda5b8d4e02222"
url = "https://github.com/jdx/usage/releases/download/v6.9.1/usage-x86_64-unknown-linux-gnu.tar.gz"
url_api = "https://api.github.com/repos/jdx/usage/releases/assets/563244013"

[[tools.uv]]
version = "0.12.15"
backend = "aqua:astral-sh/uv"
specifiers = ["latest"]

[tools.uv."platforms.linux-x64"]
checksum = "sha256:f97935763c04be3e692460a7aaeaaab8fc3b78fcf8b389da820b38ae7423a638"
url = "https://github.com/astral-sh/uv/releases/download/0.12.15/uv-x86_64-unknown-linux-gnu.tar.gz"
url_api = "https://api.github.com/repos/astral-sh/uv/releases/assets/565630898"
provenance = "github-attestations"
